{
  "name": "hello-sqlite",
  "version": "0.0.1",
  "lockfileVersion": 1,
  "requires": true,
  "dependencies": {
    "bcrypt": {
      "version": "4.0.1",
      "requires": {
        "node-addon-api": "^2.0.0",
        "node-pre-gyp": "0.14.0"
      }
    },
    "body-parser": {
      "version": "1.19.0",
      "requires": {
        "bytes": "3.1.0",
        "content-type": "~1.0.4",
        "debug": "2.6.9",
        "depd": "~1.1.2",
        "http-errors": "1.7.2",
        "iconv-lite": "0.4.24",
        "on-finished": "~2.3.0",
        "qs": "6.7.0",
        "raw-body": "2.4.0",
        "type-is": "~1.6.17"
      }
    },
    "cors": {
      "version": "2.8.5",
      "requires": {
        "object-assign": "^4",
        "vary": "^1"
      }
    },
    "ejs": {
      "version": "3.1.3",
      "requires": {
        "jake": "^10.6.1"
      }
    },
    "express": {
      "version": "4.17.1",
      "requires": {
        "accepts": "~1.3.7",
        "array-flatten": "1.1.1",
        "body-parser": "1.19.0",
        "content-disposition": "0.5.3",
        "content-type": "~1.0.4",
        "cookie": "0.4.0",
        "cookie-signature": "1.0.6",
        "debug": "2.6.9",
        "depd": "~1.1.2",
        "encodeurl": "~1.0.2",
        "escape-html": "~1.0.3",
        "etag": "~1.8.1",
        "finalhandler": "~1.1.2",
        "fresh": "0.5.2",
        "merge-descriptors": "1.0.1",
        "methods": "~1.1.2",
        "on-finished": "~2.3.0",
        "parseurl": "~1.3.3",
        "path-to-regexp": "0.1.7",
        "proxy-addr": "~2.0.5",
        "qs": "6.7.0",
        "range-parser": "~1.2.1",
        "safe-buffer": "5.1.2",
        "send": "0.17.1",
        "serve-static": "1.14.1",
        "setprototypeof": "1.1.1",
        "statuses": "~1.5.0",
        "type-is": "~1.6.18",
        "utils-merge": "1.0.1",
        "vary": "~1.1.2"
      }
    },
    "express-jsxtransform": {
      "version": "4.0.2",
      "resolved": "https://registry.npmjs.org/express-jsxtransform/-/express-jsxtransform-4.0.2.tgz",
      "integrity": "sha1-vfi29AVbL0UjNgMMfHUUTl13GNo=",
      "requires": {
        "hijackresponse": "1.0.1"
      }
    },
    "firebase": {
      "version": "7.15.0",
      "requires": {
        "@firebase/analytics": "0.3.6",
        "@firebase/app": "0.6.5",
        "@firebase/app-types": "0.6.1",
        "@firebase/auth": "0.14.6",
        "@firebase/database": "0.6.4",
        "@firebase/firestore": "1.15.0",
        "@firebase/functions": "0.4.45",
        "@firebase/installations": "0.4.11",
        "@firebase/messaging": "0.6.17",
        "@firebase/performance": "0.3.6",
        "@firebase/polyfill": "0.3.36",
        "@firebase/remote-config": "0.1.22",
        "@firebase/storage": "0.3.35",
        "@firebase/util": "0.2.48"
      }
    },
    "hijackresponse": {
      "version": "1.0.1",
      "resolved": "https://registry.npmjs.org/hijackresponse/-/hijackresponse-1.0.1.tgz",
      "integrity": "sha1-93IFsvgnlfUVvykbkah6GxgqZUk="
    },
    "sqlite3": {
      "version": "4.2.0",
      "requires": {
        "nan": "^2.12.1",
        "node-pre-gyp": "^0.11.0"
      }
    }
  }
}
